// !$*UTF8*$!
{
	archiveVersion = 1;
	classes = {
	};
	objectVersion = 77;
	objects = {

/* Begin PBXBuildFile section */
		BF051D972CEAD23B00A73BC2 /* ContentView.swift in Sources */ = {isa = PBXBuildFile; fileRef = BF051D942CEAD23B00A73BC2 /* ContentView.swift */; };
		BF051D982CEAD23B00A73BC2 /* FlashZillaApp.swift in Sources */ = {isa = PBXBuildFile; fileRef = BF051D952CEAD23B00A73BC2 /* FlashZillaApp.swift */; };
		BF051D992CEAD23B00A73BC2 /* Preview Assets.xcassets in Resources */ = {isa = PBXBuildFile; fileRef = BF051D912CEAD23B00A73BC2 /* Preview Assets.xcassets */; };
		BF051D9A2CEAD23B00A73BC2 /* Assets.xcassets in Resources */ = {isa = PBXBuildFile; fileRef = BF051D932CEAD23B00A73BC2 /* Assets.xcassets */; };
		BF051D9C2CEAD34900A73BC2 /* TryGesture.swift in Sources */ = {isa = PBXBuildFile; fileRef = BF051D9B2CEAD34900A73BC2 /* TryGesture.swift */; };
		BF051D9E2CEADC5900A73BC2 /* TryTimerPublisher.swift in Sources */ = {isa = PBXBuildFile; fileRef = BF051D9D2CEADC5900A73BC2 /* TryTimerPublisher.swift */; };
		BF051DA02CEADDE100A73BC2 /* TryScencePhase.swift in Sources */ = {isa = PBXBuildFile; fileRef = BF051D9F2CEADDE100A73BC2 /* TryScencePhase.swift */; };
		BF051DA22CEAE09600A73BC2 /* TryAccessibility.swift in Sources */ = {isa = PBXBuildFile; fileRef = BF051DA12CEAE09600A73BC2 /* TryAccessibility.swift */; };
		BF051DA52CEAE33300A73BC2 /* Card.swift in Sources */ = {isa = PBXBuildFile; fileRef = BF051DA42CEAE33300A73BC2 /* Card.swift */; };
		BF051DA72CEAE42800A73BC2 /* CardView.swift in Sources */ = {isa = PBXBuildFile; fileRef = BF051DA62CEAE42800A73BC2 /* CardView.swift */; };
		BF051DA92CEB0C6600A73BC2 /* EditCards.swift in Sources */ = {isa = PBXBuildFile; fileRef = BF051DA82CEB0C6600A73BC2 /* EditCards.swift */; };
/* End PBXBuildFile section */

/* Begin PBXFileReference section */
		BF051D802CEAD22900A73BC2 /* FlashZilla.app */ = {isa = PBXFileReference; explicitFileType = wrapper.application; includeInIndex = 0; path = FlashZilla.app; sourceTree = BUILT_PRODUCTS_DIR; };
		BF051D912CEAD23B00A73BC2 /* Preview Assets.xcassets */ = {isa = PBXFileReference; lastKnownFileType = folder.assetcatalog; path = "Preview Assets.xcassets"; sourceTree = "<group>"; };
		BF051D932CEAD23B00A73BC2 /* Assets.xcassets */ = {isa = PBXFileReference; lastKnownFileType = folder.assetcatalog; path = Assets.xcassets; sourceTree = "<group>"; };
		BF051D942CEAD23B00A73BC2 /* ContentView.swift */ = {isa = PBXFileReference; lastKnownFileType = sourcecode.swift; path = ContentView.swift; sourceTree = "<group>"; };
		BF051D952CEAD23B00A73BC2 /* FlashZillaApp.swift */ = {isa = PBXFileReference; lastKnownFileType = sourcecode.swift; path = FlashZillaApp.swift; sourceTree = "<group>"; };
		BF051D9B2CEAD34900A73BC2 /* TryGesture.swift */ = {isa = PBXFileReference; lastKnownFileType = sourcecode.swift; path = TryGesture.swift; sourceTree = "<group>"; };
		BF051D9D2CEADC5900A73BC2 /* TryTimerPublisher.swift */ = {isa = PBXFileReference; lastKnownFileType = sourcecode.swift; path = TryTimerPublisher.swift; sourceTree = "<group>"; };
		BF051D9F2CEADDE100A73BC2 /* TryScencePhase.swift */ = {isa = PBXFileReference; lastKnownFileType = sourcecode.swift; path = TryScencePhase.swift; sourceTree = "<group>"; };
		BF051DA12CEAE09600A73BC2 /* TryAccessibility.swift */ = {isa = PBXFileReference; lastKnownFileType = sourcecode.swift; path = TryAccessibility.swift; sourceTree = "<group>"; };
		BF051DA42CEAE33300A73BC2 /* Card.swift */ = {isa = PBXFileReference; lastKnownFileType = sourcecode.swift; path = Card.swift; sourceTree = "<group>"; };
		BF051DA62CEAE42800A73BC2 /* CardView.swift */ = {isa = PBXFileReference; lastKnownFileType = sourcecode.swift; path = CardView.swift; sourceTree = "<group>"; };
		BF051DA82CEB0C6600A73BC2 /* EditCards.swift */ = {isa = PBXFileReference; lastKnownFileType = sourcecode.swift; path = EditCards.swift; sourceTree = "<group>"; };
/* End PBXFileReference section */

/* Begin PBXFrameworksBuildPhase section */
		BF051D7D2CEAD22900A73BC2 /* Frameworks */ = {
			isa = PBXFrameworksBuildPhase;
			buildActionMask = 2147483647;
			files = (
			);
			runOnlyForDeploymentPostprocessing = 0;
		};
/* End PBXFrameworksBuildPhase section */

/* Begin PBXGroup section */
		BF051D772CEAD22900A73BC2 = {
			isa = PBXGroup;
			children = (
				BF051D962CEAD23B00A73BC2 /* FlashZilla */,
				BF051D812CEAD22900A73BC2 /* Products */,
			);
			sourceTree = "<group>";
		};
		BF051D812CEAD22900A73BC2 /* Products */ = {
			isa = PBXGroup;
			children = (
				BF051D802CEAD22900A73BC2 /* FlashZilla.app */,
			);
			name = Products;
			sourceTree = "<group>";
		};
		BF051D922CEAD23B00A73BC2 /* Preview Content */ = {
			isa = PBXGroup;
			children = (
				BF051D912CEAD23B00A73BC2 /* Preview Assets.xcassets */,
			);
			path = "Preview Content";
			sourceTree = "<group>";
		};
		BF051D962CEAD23B00A73BC2 /* FlashZilla */ = {
			isa = PBXGroup;
			children = (
				BF051D942CEAD23B00A73BC2 /* ContentView.swift */,
				BF051DA62CEAE42800A73BC2 /* CardView.swift */,
				BF051DA82CEB0C6600A73BC2 /* EditCards.swift */,
				BF051DA42CEAE33300A73BC2 /* Card.swift */,
				BF051D952CEAD23B00A73BC2 /* FlashZillaApp.swift */,
				BF051DA32CEAE31600A73BC2 /* Try */,
				BF051D932CEAD23B00A73BC2 /* Assets.xcassets */,
				BF051D922CEAD23B00A73BC2 /* Preview Content */,
			);
			path = FlashZilla;
			sourceTree = "<group>";
		};
		BF051DA32CEAE31600A73BC2 /* Try */ = {
			isa = PBXGroup;
			children = (
				BF051D9B2CEAD34900A73BC2 /* TryGesture.swift */,
				BF051D9D2CEADC5900A73BC2 /* TryTimerPublisher.swift */,
				BF051D9F2CEADDE100A73BC2 /* TryScencePhase.swift */,
				BF051DA12CEAE09600A73BC2 /* TryAccessibility.swift */,
			);
			path = Try;
			sourceTree = "<group>";
		};
/* End PBXGroup section */

/* Begin PBXNativeTarget section */
		BF051D7F2CEAD22900A73BC2 /* FlashZilla */ = {
			isa = PBXNativeTarget;
			buildConfigurationList = BF051D8E2CEAD22A00A73BC2 /* Build configuration list for PBXNativeTarget "FlashZilla" */;
			buildPhases = (
				BF051D7C2CEAD22900A73BC2 /* Sources */,
				BF051D7D2CEAD22900A73BC2 /* Frameworks */,
				BF051D7E2CEAD22900A73BC2 /* Resources */,
			);
			buildRules = (
			);
			dependencies = (
			);
			name = FlashZilla;
			packageProductDependencies = (
			);
			productName = FlashZilla;
			productReference = BF051D802CEAD22900A73BC2 /* FlashZilla.app */;
			productType = "com.apple.product-type.application";
		};
/* End PBXNativeTarget section */

/* Begin PBXProject section */
		BF051D782CEAD22900A73BC2 /* Project object */ = {
			isa = PBXProject;
			attributes = {
				BuildIndependentTargetsInParallel = 1;
				LastSwiftUpdateCheck = 1610;
				LastUpgradeCheck = 1610;
				TargetAttributes = {
					BF051D7F2CEAD22900A73BC2 = {
						CreatedOnToolsVersion = 16.1;
					};
				};
			};
			buildConfigurationList = BF051D7B2CEAD22900A73BC2 /* Build configuration list for PBXProject "FlashZilla" */;
			developmentRegion = en;
			hasScannedForEncodings = 0;
			knownRegions = (
				en,
				Base,
			);
			mainGroup = BF051D772CEAD22900A73BC2;
			minimizedProjectReferenceProxies = 1;
			preferredProjectObjectVersion = 77;
			productRefGroup = BF051D812CEAD22900A73BC2 /* Products */;
			projectDirPath = "";
			projectRoot = "";
			targets = (
				BF051D7F2CEAD22900A73BC2 /* FlashZilla */,
			);
		};
/* End PBXProject section */

/* Begin PBXResourcesBuildPhase section */
		BF051D7E2CEAD22900A73BC2 /* Resources */ = {
			isa = PBXResourcesBuildPhase;
			buildActionMask = 2147483647;
			files = (
				BF051D992CEAD23B00A73BC2 /* Preview Assets.xcassets in Resources */,
				BF051D9A2CEAD23B00A73BC2 /* Assets.xcassets in Resources */,
			);
			runOnlyForDeploymentPostprocessing = 0;
		};
/* End PBXResourcesBuildPhase section */

/* Begin PBXSourcesBuildPhase section */
		BF051D7C2CEAD22900A73BC2 /* Sources */ = {
			isa = PBXSourcesBuildPhase;
			buildActionMask = 2147483647;
			files = (
				BF051DA92CEB0C6600A73BC2 /* EditCards.swift in Sources */,
				BF051DA22CEAE09600A73BC2 /* TryAccessibility.swift in Sources */,
				BF051DA02CEADDE100A73BC2 /* TryScencePhase.swift in Sources */,
				BF051DA52CEAE33300A73BC2 /* Card.swift in Sources */,
				BF051D9E2CEADC5900A73BC2 /* TryTimerPublisher.swift in Sources */,
				BF051D9C2CEAD34900A73BC2 /* TryGesture.swift in Sources */,
				BF051D972CEAD23B00A73BC2 /* ContentView.swift in Sources */,
				BF051DA72CEAE42800A73BC2 /* CardView.swift in Sources */,
				BF051D982CEAD23B00A73BC2 /* FlashZillaApp.swift in Sources */,
			);
			runOnlyForDeploymentPostprocessing = 0;
		};
/* End PBXSourcesBuildPhase section */

/* Begin XCBuildConfiguration section */
		BF051D8C2CEAD22A00A73BC2 /* Debug */ = {
			isa = XCBuildConfiguration;
			buildSettings = {
				ALWAYS_SEARCH_USER_PATHS = NO;
				ASSETCATALOG_COMPILER_GENERATE_SWIFT_ASSET_SYMBOL_EXTENSIONS = YES;
				CLANG_ANALYZER_NONNULL = YES;
				CLANG_ANALYZER_NUMBER_OBJECT_CONVERSION = YES_AGGRESSIVE;
				CLANG_CXX_LANGUAGE_STANDARD = "gnu++20";
				CLANG_ENABLE_MODULES = YES;
				CLANG_ENABLE_OBJC_ARC = YES;
				CLANG_ENABLE_OBJC_WEAK = YES;
				CLANG_WARN_BLOCK_CAPTURE_AUTORELEASING = YES;
				CLANG_WARN_BOOL_CONVERSION = YES;
				CLANG_WARN_COMMA = YES;
				CLANG_WARN_CONSTANT_CONVERSION = YES;
				CLANG_WARN_DEPRECATED_OBJC_IMPLEMENTATIONS = YES;
				CLANG_WARN_DIRECT_OBJC_ISA_USAGE = YES_ERROR;
				CLANG_WARN_DOCUMENTATION_COMMENTS = YES;
				CLANG_WARN_EMPTY_BODY = YES;
				CLANG_WARN_ENUM_CONVERSION = YES;
				CLANG_WARN_INFINITE_RECURSION = YES;
				CLANG_WARN_INT_CONVERSION = YES;
				CLANG_WARN_NON_LITERAL_NULL_CONVERSION = YES;
				CLANG_WARN_OBJC_IMPLICIT_RETAIN_SELF = YES;
				CLANG_WARN_OBJC_LITERAL_CONVERSION = YES;
				CLANG_WARN_OBJC_ROOT_CLASS = YES_ERROR;
				CLANG_WARN_QUOTED_INCLUDE_IN_FRAMEWORK_HEADER = YES;
				CLANG_WARN_RANGE_LOOP_ANALYSIS = YES;
				CLANG_WARN_STRICT_PROTOTYPES = YES;
				CLANG_WARN_SUSPICIOUS_MOVE = YES;
				CLANG_WARN_UNGUARDED_AVAILABILITY = YES_AGGRESSIVE;
				CLANG_WARN_UNREACHABLE_CODE = YES;
				CLANG_WARN__DUPLICATE_METHOD_MATCH = YES;
				COPY_PHASE_STRIP = NO;
				DEBUG_INFORMATION_FORMAT = dwarf;
				ENABLE_STRICT_OBJC_MSGSEND = YES;
				ENABLE_TESTABILITY = YES;
				ENABLE_USER_SCRIPT_SANDBOXING = YES;
				GCC_C_LANGUAGE_STANDARD = gnu17;
				GCC_DYNAMIC_NO_PIC = NO;
				GCC_NO_COMMON_BLOCKS = YES;
				GCC_OPTIMIZATION_LEVEL = 0;
				GCC_PREPROCESSOR_DEFINITIONS = (
					"DEBUG=1",
					"$(inherited)",
				);
				GCC_WARN_64_TO_32_BIT_CONVERSION = YES;
				GCC_WARN_ABOUT_RETURN_TYPE = YES_ERROR;
				GCC_WARN_UNDECLARED_SELECTOR = YES;
				GCC_WARN_UNINITIALIZED_AUTOS = YES_AGGRESSIVE;
				GCC_WARN_UNUSED_FUNCTION = YES;
				GCC_WARN_UNUSED_VARIABLE = YES;
				IPHONEOS_DEPLOYMENT_TARGET = 18.1;
				LOCALIZATION_PREFERS_STRING_CATALOGS = YES;
				MTL_ENABLE_DEBUG_INFO = INCLUDE_SOURCE;
				MTL_FAST_MATH = YES;
				ONLY_ACTIVE_ARCH = YES;
				SDKROOT = iphoneos;
				SWIFT_ACTIVE_COMPILATION_CONDITIONS = "DEBUG $(inherited)";
				SWIFT_OPTIMIZATION_LEVEL = "-Onone";
			};
			name = Debug;
		};
		BF051D8D2CEAD22A00A73BC2 /* Release */ = {
			isa = XCBuildConfiguration;
			buildSettings = {
				ALWAYS_SEARCH_USER_PATHS = NO;
				ASSETCATALOG_COMPILER_GENERATE_SWIFT_ASSET_SYMBOL_EXTENSIONS = YES;
				CLANG_ANALYZER_NONNULL = YES;
				CLANG_ANALYZER_NUMBER_OBJECT_CONVERSION = YES_AGGRESSIVE;
				CLANG_CXX_LANGUAGE_STANDARD = "gnu++20";
				CLANG_ENABLE_MODULES = YES;
				CLANG_ENABLE_OBJC_ARC = YES;
				CLANG_ENABLE_OBJC_WEAK = YES;
				CLANG_WARN_BLOCK_CAPTURE_AUTORELEASING = YES;
				CLANG_WARN_BOOL_CONVERSION = YES;
				CLANG_WARN_COMMA = YES;
				CLANG_WARN_CONSTANT_CONVERSION = YES;
				CLANG_WARN_DEPRECATED_OBJC_IMPLEMENTATIONS = YES;
				CLANG_WARN_DIRECT_OBJC_ISA_USAGE = YES_ERROR;
				CLANG_WARN_DOCUMENTATION_COMMENTS = YES;
				CLANG_WARN_EMPTY_BODY = YES;
				CLANG_WARN_ENUM_CONVERSION = YES;
				CLANG_WARN_INFINITE_RECURSION = YES;
				CLANG_WARN_INT_CONVERSION = YES;
				CLANG_WARN_NON_LITERAL_NULL_CONVERSION = YES;
				CLANG_WARN_OBJC_IMPLICIT_RETAIN_SELF = YES;
				CLANG_WARN_OBJC_LITERAL_CONVERSION = YES;
				CLANG_WARN_OBJC_ROOT_CLASS = YES_ERROR;
				CLANG_WARN_QUOTED_INCLUDE_IN_FRAMEWORK_HEADER = YES;
				CLANG_WARN_RANGE_LOOP_ANALYSIS = YES;
				CLANG_WARN_STRICT_PROTOTYPES = YES;
				CLANG_WARN_SUSPICIOUS_MOVE = YES;
				CLANG_WARN_UNGUARDED_AVAILABILITY = YES_AGGRESSIVE;
				CLANG_WARN_UNREACHABLE_CODE = YES;
				CLANG_WARN__DUPLICATE_METHOD_MATCH = YES;
				COPY_PHASE_STRIP = NO;
				DEBUG_INFORMATION_FORMAT = "dwarf-with-dsym";
				ENABLE_NS_ASSERTIONS = NO;
				ENABLE_STRICT_OBJC_MSGSEND = YES;
				ENABLE_USER_SCRIPT_SANDBOXING = YES;
				GCC_C_LANGUAGE_STANDARD = gnu17;
				GCC_NO_COMMON_BLOCKS = YES;
				GCC_WARN_64_TO_32_BIT_CONVERSION = YES;
				GCC_WARN_ABOUT_RETURN_TYPE = YES_ERROR;
				GCC_WARN_UNDECLARED_SELECTOR = YES;
				GCC_WARN_UNINITIALIZED_AUTOS = YES_AGGRESSIVE;
				GCC_WARN_UNUSED_FUNCTION = YES;
				GCC_WARN_UNUSED_VARIABLE = YES;
				IPHONEOS_DEPLOYMENT_TARGET = 18.1;
				LOCALIZATION_PREFERS_STRING_CATALOGS = YES;
				MTL_ENABLE_DEBUG_INFO = NO;
				MTL_FAST_MATH = YES;
				SDKROOT = iphoneos;
				SWIFT_COMPILATION_MODE = wholemodule;
				VALIDATE_PRODUCT = YES;
			};
			name = Release;
		};
		BF051D8F2CEAD22A00A73BC2 /* Debug */ = {
			isa = XCBuildConfiguration;
			buildSettings = {
				ASSETCATALOG_COMPILER_APPICON_NAME = AppIcon;
				ASSETCATALOG_COMPILER_GLOBAL_ACCENT_COLOR_NAME = AccentColor;
				CODE_SIGN_STYLE = Automatic;
				CURRENT_PROJECT_VERSION = 1;
				DEVELOPMENT_ASSET_PATHS = "\"FlashZilla/Preview Content\"";
				DEVELOPMENT_TEAM = T9MD4URZFH;
				ENABLE_PREVIEWS = YES;
				GENERATE_INFOPLIST_FILE = YES;
				INFOPLIST_KEY_UIApplicationSceneManifest_Generation = YES;
				INFOPLIST_KEY_UIApplicationSupportsIndirectInputEvents = YES;
				INFOPLIST_KEY_UILaunchScreen_Generation = YES;
				INFOPLIST_KEY_UISupportedInterfaceOrientations = "UIInterfaceOrientationLandscapeLeft UIInterfaceOrientationLandscapeRight";
				INFOPLIST_KEY_UISupportedInterfaceOrientations_iPad = "UIInterfaceOrientationLandscapeLeft UIInterfaceOrientationLandscapeRight UIInterfaceOrientationPortrait UIInterfaceOrientationPortraitUpsideDown";
				LD_RUNPATH_SEARCH_PATHS = (
					"$(inherited)",
					"@executable_path/Frameworks",
				);
				MARKETING_VERSION = 1.0;
				PRODUCT_BUNDLE_IDENTIFIER = com.superkookai.FlashZilla;
				PRODUCT_NAME = "$(TARGET_NAME)";
				SWIFT_EMIT_LOC_STRINGS = YES;
				SWIFT_VERSION = 5.0;
				TARGETED_DEVICE_FAMILY = "1,2";
			};
			name = Debug;
		};
		BF051D902CEAD22A00A73BC2 /* Release */ = {
			isa = XCBuildConfiguration;
			buildSettings = {
				ASSETCATALOG_COMPILER_APPICON_NAME = AppIcon;
				ASSETCATALOG_COMPILER_GLOBAL_ACCENT_COLOR_NAME = AccentColor;
				CODE_SIGN_STYLE = Automatic;
				CURRENT_PROJECT_VERSION = 1;
				DEVELOPMENT_ASSET_PATHS = "\"FlashZilla/Preview Content\"";
				DEVELOPMENT_TEAM = T9MD4URZFH;
				ENABLE_PREVIEWS = YES;
				GENERATE_INFOPLIST_FILE = YES;
				INFOPLIST_KEY_UIApplicationSceneManifest_Generation = YES;
				INFOPLIST_KEY_UIApplicationSupportsIndirectInputEvents = YES;
				INFOPLIST_KEY_UILaunchScreen_Generation = YES;
				INFOPLIST_KEY_UISupportedInterfaceOrientations = "UIInterfaceOrientationLandscapeLeft UIInterfaceOrientationLandscapeRight";
				INFOPLIST_KEY_UISupportedInterfaceOrientations_iPad = "UIInterfaceOrientationLandscapeLeft UIInterfaceOrientationLandscapeRight UIInterfaceOrientationPortrait UIInterfaceOrientationPortraitUpsideDown";
				LD_RUNPATH_SEARCH_PATHS = (
					"$(inherited)",
					"@executable_path/Frameworks",
				);
				MARKETING_VERSION = 1.0;
				PRODUCT_BUNDLE_IDENTIFIER = com.superkookai.FlashZilla;
				PRODUCT_NAME = "$(TARGET_NAME)";
				SWIFT_EMIT_LOC_STRINGS = YES;
				SWIFT_VERSION = 5.0;
				TARGETED_DEVICE_FAMILY = "1,2";
			};
			name = Release;
		};
/* End XCBuildConfiguration section */

/* Begin XCConfigurationList section */
		BF051D7B2CEAD22900A73BC2 /* Build configuration list for PBXProject "FlashZilla" */ = {
			isa = XCConfigurationList;
			buildConfigurations = (
				BF051D8C2CEAD22A00A73BC2 /* Debug */,
				BF051D8D2CEAD22A00A73BC2 /* Release */,
			);
			defaultConfigurationIsVisible = 0;
			defaultConfigurationName = Release;
		};
		BF051D8E2CEAD22A00A73BC2 /* Build configuration list for PBXNativeTarget "FlashZilla" */ = {
			isa = XCConfigurationList;
			buildConfigurations = (
				BF051D8F2CEAD22A00A73BC2 /* Debug */,
				BF051D902CEAD22A00A73BC2 /* Release */,
			);
			defaultConfigurationIsVisible = 0;
			defaultConfigurationName = Release;
		};
/* End XCConfigurationList section */
	};
	rootObject = BF051D782CEAD22900A73BC2 /* Project object */;
}
